
Microsoft Visual Studio Solution File, Format Version 12.00
# Visual Studio 15
VisualStudioVersion = 15.0.28010.2050
MinimumVisualStudioVersion = 10.0.40219.1
Project("{FAE04EC0-301F-11D3-BF4B-00C04F79EFBC}") = "MovieTicketHub.Web", "MovieTicketHub.Web\MovieTicketHub.Web.csproj", "{47870A01-5EC5-4CF7-90D9-8C0EAD889B1B}"
EndProject
Project("{FAE04EC0-301F-11D3-BF4B-00C04F79EFBC}") = "MovieTicketHub.Web.Tests", "MovieTicketHub.Web.Tests\MovieTicketHub.Web.Tests.csproj", "{EE999137-EBA0-4C0E-97A6-058907C0D55D}"
EndProject
Global
	GlobalSection(SolutionConfigurationPlatforms) = preSolution
		Debug|Any CPU = Debug|Any CPU
		Release|Any CPU = Release|Any CPU
	EndGlobalSection
	GlobalSection(ProjectConfigurationPlatforms) = postSolution
		{47870A01-5EC5-4CF7-90D9-8C0EAD889B1B}.Debug|Any CPU.ActiveCfg = Debug|Any CPU
		{47870A01-5EC5-4CF7-90D9-8C0EAD889B1B}.Debug|Any CPU.Build.0 = Debug|Any CPU
		{47870A01-5EC5-4CF7-90D9-8C0EAD889B1B}.Release|Any CPU.ActiveCfg = Release|Any CPU
		{47870A01-5EC5-4CF7-90D9-8C0EAD889B1B}.Release|Any CPU.Build.0 = Release|Any CPU
		{EE999137-EBA0-4C0E-97A6-058907C0D55D}.Debug|Any CPU.ActiveCfg = Debug|Any CPU
		{EE999137-EBA0-4C0E-97A6-058907C0D55D}.Debug|Any CPU.Build.0 = Debug|Any CPU
		{EE999137-EBA0-4C0E-97A6-058907C0D55D}.Release|Any CPU.ActiveCfg = Release|Any CPU
		{EE999137-EBA0-4C0E-97A6-058907C0D55D}.Release|Any CPU.Build.0 = Release|Any CPU
	EndGlobalSection
	GlobalSection(SolutionProperties) = preSolution
		HideSolutionNode = FALSE
	EndGlobalSection
	GlobalSection(ExtensibilityGlobals) = postSolution
		SolutionGuid = {769EBA09-C67F-49D2-A686-60D7B31989EA}
	EndGlobalSection
	GlobalSection(TeamFoundationVersionControl) = preSolution
		SccNumberOfProjects = 3
		SccEnterpriseProvider = {4CA58AB2-18FA-4F8D-95D4-32DDF27D184C}
		SccTeamFoundationServer = https://naarasimhaece04.visualstudio.com/
		SccLocalPath0 = .
		SccProjectUniqueName1 = MovieTicketHub.Web.Tests\\MovieTicketHub.Web.Tests.csproj
		SccProjectName1 = MovieTicketHub.Web.Tests
		SccLocalPath1 = MovieTicketHub.Web.Tests
		SccProjectUniqueName2 = MovieTicketHub.Web\\MovieTicketHub.Web.csproj
		SccProjectName2 = MovieTicketHub.Web
		SccLocalPath2 = MovieTicketHub.Web
	EndGlobalSection
EndGlobal
